{
  "name": "dynamische-energieprijzen-nl",
  "version": "1.0.0",
  "lockfileVersion": 3,
  "requires": true,
  "packages": {
    "": {
      "name": "dynamische-energieprijzen-nl",
      "version": "1.0.0",
      "license": "MIT",
      "devDependencies": {
        "@types/node": "^22.18.0",
        "ajv": "^8.17.1",
        "ajv-formats": "^3.0.1",
        "pdfjs-dist": "^6.3.289",
        "playwright": "^1.55.0",
        "typescript": "^5.9.0"
      },
      "engines": {
        "node": ">=22.18"
      }
    },
    "node_modules/@napi-rs/canvas": {
      "version": "1.0.9",
      "resolved": "https://registry.npmjs.org/@napi-rs/canvas/-/canvas-1.0.9.tgz",
      "integrity": "sha512-QviPdJImDi/jMAvBfqaw+19BndMd/sizXVW3NnpMd3VJGz++QXkOHcP9kWR/smHG0hNjHeyuHFyrx/5lD0oNcQ==",
      "dev": true,
      "license": "MIT",
      "optional": true,
      "workspaces": [
        "e2e/*"
      ],
      "engines": {
        "node": ">= 10"
      },
      "funding": {
        "type": "github",
        "url": "https://github.com/sponsors/Brooooooklyn"
      },
      "optionalDependencies": {
        "@napi-rs/canvas-android-arm64": "1.0.9",
        "@napi-rs/canvas-darwin-arm64": "1.0.9",
        "@napi-rs/canvas-darwin-x64": "1.0.9",
        "@napi-rs/canvas-linux-arm-gnueabihf": "1.0.9",
        "@napi-rs/canvas-linux-arm64-gnu": "1.0.9",
        "@napi-rs/canvas-linux-arm64-musl": "1.0.9",
        "@napi-rs/canvas-linux-riscv64-gnu": "1.0.9",
        "@napi-rs/canvas-linux-x64-gnu": "1.0.9",
        "@napi-rs/canvas-linux-x64-musl": "1.0.9",
        "@napi-rs/canvas-win32-arm64-msvc": "1.0.9",
        "@napi-rs/canvas-win32-x64-msvc": "1.0.9"
      }
    },
    "node_modules/@napi-rs/canvas-android-arm64": {
      "version": "1.0.9",
      "resolved": "https://registry.npmjs.org/@napi-rs/canvas-android-arm64/-/canvas-android-arm64-1.0.9.tgz",
      "integrity": "sha512-4LGXk2/0HVzE29K8SzML5WubgCp++B1FH3qgl35XmSZE+lLdr6P9VRQEnZ0MCLZMTSuJP41yyhtoiVNEuvrTIA==",
      "cpu": [
        "arm64"
      ],
      "dev": true,
      "license": "MIT",
      "optional": true,
      "os": [
        "android"
      ],
      "engines": {
        "node": ">= 10"
      },
      "funding": {
        "type": "github",
        "url": "https://github.com/sponsors/Brooooooklyn"
      }
    },
    "node_modules/@napi-rs/canvas-darwin-arm64": {
      "version": "1.0.9",
      "resolved": "https://registry.npmjs.org/@napi-rs/canvas-darwin-arm64/-/canvas-darwin-arm64-1.0.9.tgz",
      "integrity": "sha512-YNdfLBzY0W/Pep9fo2L6RmoNlNksnn05LRnX66W63R3ij58S25QOTcjdtEt2v8+PnCESzqZsYzUo+QPeIR44NA==",
      "cpu": [
        "arm64"
      ],
      "dev": true,
      "license": "MIT",
      "optional": true,
      "os": [
        "darwin"
      ],
      "engines": {
        "node": ">= 10"
      },
      "funding": {
        "type": "github",
        "url": "https://github.com/sponsors/Brooooooklyn"
      }
    },
    "node_modules/@napi-rs/canvas-darwin-x64": {
      "version": "1.0.9",
      "resolved": "https://registry.npmjs.org/@napi-rs/canvas-darwin-x64/-/canvas-darwin-x64-1.0.9.tgz",
      "integrity": "sha512-ceZQSknTEcy3dOXoekv59LTCkXjvnLsq+VW5PeNNDHEPQbRS5Ervkm1EaDa7WLAjiYWMLuSQTRTHao1dEX4prg==",
      "cpu": [
        "x64"
      ],
      "dev": true,
      "license": "MIT",
      "optional": true,
      "os": [
        "darwin"
      ],
      "engines": {
        "node": ">= 10"
      },
      "funding": {
        "type": "github",
        "url": "https://github.com/sponsors/Brooooooklyn"
      }
    },
    "node_modules/@napi-rs/canvas-linux-arm-gnueabihf": {
      "version": "1.0.9",
      "resolved": "https://registry.npmjs.org/@napi-rs/canvas-linux-arm-gnueabihf/-/canvas-linux-arm-gnueabihf-1.0.9.tgz",
      "integrity": "sha512-XhfI0Wwv4llhd6nnWDtY3kQKjq0r+y1i91PlJlJI24ag2U9WrnwbG1qS3+fDLEyouwEVFchiKkTEHozK+5iUNA==",
      "cpu": [
        "arm"
      ],
      "dev": true,
      "license": "MIT",
      "optional": true,
      "os": [
        "linux"
      ],
      "engines": {
        "node": ">= 10"
      },
      "funding": {
        "type": "github",
        "url": "https://github.com/sponsors/Brooooooklyn"
      }
    },
    "node_modules/@napi-rs/canvas-linux-arm64-gnu": {
      "version": "1.0.9",
      "resolved": "https://registry.npmjs.org/@napi-rs/canvas-linux-arm64-gnu/-/canvas-linux-arm64-gnu-1.0.9.tgz",
      "integrity": "sha512-012oiYtKaE7i9oxc8q7nraT7kDOpLcaCmFLzVe9Ty34RHDdoDzbWLrVh827CNxYh/EADX1eSikA3ymLjo/nNuw==",
      "cpu": [
        "arm64"
      ],
      "dev": true,
      "license": "MIT",
      "optional": true,
      "os": [
        "linux"
      ],
      "engines": {
        "node": ">= 10"
      },
      "funding": {
        "type": "github",
        "url": "https://github.com/sponsors/Brooooooklyn"
      }
    },
    "node_modules/@napi-rs/canvas-linux-arm64-musl": {
      "version": "1.0.9",
      "resolved": "https://registry.npmjs.org/@napi-rs/canvas-linux-arm64-musl/-/canvas-linux-arm64-musl-1.0.9.tgz",
      "integrity": "sha512-Ls5UWYFFn63casTZEczbeyEg3vRDRkv9lscuGwfchtY5yLLQhgOB8SN4YGxmfJ5vTaBwZ2YUxBS3NtmjJmFXdA==",
      "cpu": [
        "arm64"
      ],
      "dev": true,
      "license": "MIT",
      "optional": true,
      "os": [
        "linux"
      ],
      "engines": {
        "node": ">= 10"
      },
      "funding": {
        "type": "github",
        "url": "https://github.com/sponsors/Brooooooklyn"
      }
    },
    "node_modules/@napi-rs/canvas-linux-riscv64-gnu": {
      "version": "1.0.9",
      "resolved": "https://registry.npmjs.org/@napi-rs/canvas-linux-riscv64-gnu/-/canvas-linux-riscv64-gnu-1.0.9.tgz",
      "integrity": "sha512-hLKEGxV7ZiRHqndePTokgDMdBlo/rDfzg7P4p4QIv9pUhuYobnu3R2NIFLCRghG0nwfo+s2sw+c1xZFeCmEAsw==",
      "cpu": [
        "riscv64"
      ],
      "dev": true,
      "license": "MIT",
      "optional": true,
      "os": [
        "linux"
      ],
      "engines": {
        "node": ">= 10"
      },
      "funding": {
        "type": "github",
        "url": "https://github.com/sponsors/Brooooooklyn"
      }
    },
    "node_modules/@napi-rs/canvas-linux-x64-gnu": {
      "version": "1.0.9",
      "resolved": "https://registry.npmjs.org/@napi-rs/canvas-linux-x64-gnu/-/canvas-linux-x64-gnu-1.0.9.tgz",
      "integrity": "sha512-6kaz3w0QMy77PDWk6rJ1ksIihdad3qzEyX2o2oGT8GwCaypfT5mhjr8buOO5hstyLxcWXDScuz56RsINLtBPIQ==",
      "cpu": [
        "x64"
      ],
      "dev": true,
      "license": "MIT",
      "optional": true,
      "os": [
        "linux"
      ],
      "engines": {
        "node": ">= 10"
      },
      "funding": {
        "type": "github",
        "url": "https://github.com/sponsors/Brooooooklyn"
      }
    },
    "node_modules/@napi-rs/canvas-linux-x64-musl": {
      "version": "1.0.9",
      "resolved": "https://registry.npmjs.org/@napi-rs/canvas-linux-x64-musl/-/canvas-linux-x64-musl-1.0.9.tgz",
      "integrity": "sha512-xrGvmS3v55hmZ86ls/kBLVNMUTYio3f6Ik0DireemG994VfPAwiA3ZXA0Uf1bByctkB3NQ1Sfb+H5bkdUnnzfQ==",
      "cpu": [
        "x64"
      ],
      "dev": true,
      "license": "MIT",
      "optional": true,
      "os": [
        "linux"
      ],
      "engines": {
        "node": ">= 10"
      },
      "funding": {
        "type": "github",
        "url": "https://github.com/sponsors/Brooooooklyn"
      }
    },
    "node_modules/@napi-rs/canvas-win32-arm64-msvc": {
      "version": "1.0.9",
      "resolved": "https://registry.npmjs.org/@napi-rs/canvas-win32-arm64-msvc/-/canvas-win32-arm64-msvc-1.0.9.tgz",
      "integrity": "sha512-yjmVS3ArZeRVCP7jqbPq4rpZa/BhTeI7ELE2XqJg3snICQBDevLZyArxswHkiTnT34KRic33/4fLirrHI+SY8A==",
      "cpu": [
        "arm64"
      ],
      "dev": true,
      "license": "MIT",
      "optional": true,
      "os": [
        "win32"
      ],
      "engines": {
        "node": ">= 10"
      },
      "funding": {
        "type": "github",
        "url": "https://github.com/sponsors/Brooooooklyn"
      }
    },
    "node_modules/@napi-rs/canvas-win32-x64-msvc": {
      "version": "1.0.9",
      "resolved": "https://registry.npmjs.org/@napi-rs/canvas-win32-x64-msvc/-/canvas-win32-x64-msvc-1.0.9.tgz",
      "integrity": "sha512-QlSYQdMQslB81nlABo9wNfQ6npFhE7/O+saCZdqVGueGanyRk4jCogD5EwQenfP3kIq9e+mm6GreQBjX5MrA8g==",
      "cpu": [
        "x64"
      ],
      "dev": true,
      "license": "MIT",
      "optional": true,
      "os": [
        "win32"
      ],
      "engines": {
        "node": ">= 10"
      },
      "funding": {
        "type": "github",
        "url": "https://github.com/sponsors/Brooooooklyn"
      }
    },
    "node_modules/@types/node": {
      "version": "22.20.4",
      "resolved": "https://registry.npmjs.org/@types/node/-/node-22.20.4.tgz",
      "integrity": "sha512-zJRE40jpHtKqE/C4fgHrAKQLJuSpzEnP9ff9Y7YtoR3Wd2pwqzlekDeEuUQXjRd+QCYnVnNwuJYmhdk9XV8gvA==",
      "dev": true,
      "license": "MIT",
      "dependencies": {
        "undici-types": "~6.21.0"
      }
    },
    "node_modules/ajv": {
      "version": "8.20.0",
      "resolved": "https://registry.npmjs.org/ajv/-/ajv-8.20.0.tgz",
      "integrity": "sha512-Thbli+OlOj+iMPYFBVBfJ3OmCAnaSyNn4M1vz9T6Gka5Jt9ba/HIR56joy65tY6kx/FCF5VXNB819Y7/GUrBGA==",
      "dev": true,
      "license": "MIT",
      "dependencies": {
        "fast-deep-equal": "^3.1.3",
        "fast-uri": "^3.0.1",
        "json-schema-traverse": "^1.0.0",
        "require-from-string": "^2.0.2"
      },
      "funding": {
        "type": "github",
        "url": "https://github.com/sponsors/epoberezkin"
      }
    },
    "node_modules/ajv-formats": {
      "version": "3.0.1",
      "resolved": "https://registry.npmjs.org/ajv-formats/-/ajv-formats-3.0.1.tgz",
      "integrity": "sha512-8iUql50EUR+uUcdRQ3HDqa6EVyo3docL8g5WJ3FNcWmu62IbkGUue/pEyLBW8VGKKucTPgqeks4fIU1DA4yowQ==",
      "dev": true,
      "license": "MIT",
      "dependencies": {
        "ajv": "^8.0.0"
      },
      "peerDependencies": {
        "ajv": "^8.0.0"
      },
      "peerDependenciesMeta": {
        "ajv": {
          "optional": true
        }
      }
    },
    "node_modules/fast-deep-equal": {
      "version": "3.1.3",
      "resolved": "https://registry.npmjs.org/fast-deep-equal/-/fast-deep-equal-3.1.3.tgz",
      "integrity": "sha512-f3qQ9oQy9j2AhBe/H9VC91wLmKBCCU/gDOnKNAYG5hswO7BLKj09Hc5HYNz9cGI++xlpDCIgDaitVs03ATR84Q==",
      "dev": true,
      "license": "MIT"
    },
    "node_modules/fast-uri": {
      "version": "3.1.8",
      "resolved": "https://registry.npmjs.org/fast-uri/-/fast-uri-3.1.8.tgz",
      "integrity": "sha512-GZMtZUTNRpOVIECoXwLNZS5xUGE+mVNbTB8h/7Rwh2TFWcBQiPzTgyZi05BF9UMZKkLJv8XBRJTlU7zg8+ZfMg==",
      "dev": true,
      "funding": [
        {
          "type": "github",
          "url": "https://github.com/sponsors/fastify"
        },
        {
          "type": "opencollective",
          "url": "https://opencollective.com/fastify"
        }
      ],
      "license": "BSD-3-Clause"
    },
    "node_modules/json-schema-traverse": {
      "version": "1.0.0",
      "resolved": "https://registry.npmjs.org/json-schema-traverse/-/json-schema-traverse-1.0.0.tgz",
      "integrity": "sha512-NM8/P9n3XjXhIZn1lLhkFaACTOURQXjWhV4BA/RnOv8xvgqtqpAX9IO4mRQxSx1Rlo4tqzeqb0sOlruaOy3dug==",
      "dev": true,
      "license": "MIT"
    },
    "node_modules/pdfjs-dist": {
      "version": "6.3.289",
      "resolved": "https://registry.npmjs.org/pdfjs-dist/-/pdfjs-dist-6.3.289.tgz",
      "integrity": "sha512-ZHjSVpDa3D6izMq8/04lvkhkATUmL9px6ChPaXc1k6nU2Mrhlg1/7F0bdUqCwUjw3NsPTfPZsMDUU6ZIcRaeQw==",
      "dev": true,
      "license": "Apache-2.0",
      "engines": {
        "node": ">=22.13.0 || >=24"
      },
      "optionalDependencies": {
        "@napi-rs/canvas": "^1.0.0"
      }
    },
    "node_modules/playwright": {
      "version": "1.63.0",
      "resolved": "https://registry.npmjs.org/playwright/-/playwright-1.63.0.tgz",
      "integrity": "sha512-+7ziBLidS4NaNCdt57SUDT+wYmmd5fmiQejUic/kb+YsYSCPyOOE9sebzMjNmQrsnNpDJqd4WHvV/8lfKfUDUg==",
      "dev": true,
      "license": "Apache-2.0",
      "dependencies": {
        "playwright-core": "1.63.0"
      },
      "bin": {
        "playwright": "cli.js"
      },
      "engines": {
        "node": ">=20"
      }
    },
    "node_modules/playwright-core": {
      "version": "1.63.0",
      "resolved": "https://registry.npmjs.org/playwright-core/-/playwright-core-1.63.0.tgz",
      "integrity": "sha512-rYCsBF/M5HjUch52bbtVONEFjv6Xu8sm8h72dNlR5bzIE1fvC/bxgspzkjSfU+MweEMmPM8KJebG6nnyxo5mCg==",
      "dev": true,
      "license": "Apache-2.0",
      "bin": {
        "playwright-core": "cli.js"
      },
      "engines": {
        "node": ">=20"
      }
    },
    "node_modules/require-from-string": {
      "version": "2.0.2",
      "resolved": "https://registry.npmjs.org/require-from-string/-/require-from-string-2.0.2.tgz",
      "integrity": "sha512-Xf0nWe6RseziFMu+Ap9biiUbmplq6S9/p+7w7YXP/JBHhrUDDUhwa+vANyubuqfZWTveU//DYVGsDG7RKL/vEw==",
      "dev": true,
      "license": "MIT",
      "engines": {
        "node": ">=0.10.0"
      }
    },
    "node_modules/typescript": {
      "version": "5.9.3",
      "resolved": "https://registry.npmjs.org/typescript/-/typescript-5.9.3.tgz",
      "integrity": "sha512-jl1vZzPDinLr9eUt3J/t7V6FgNEw9QjvBPdysz9KfQDD41fQrC2Y4vKQdiaUpFT4bXlb1RHhLpp8wtm6M5TgSw==",
      "dev": true,
      "license": "Apache-2.0",
      "bin": {
        "tsc": "bin/tsc",
        "tsserver": "bin/tsserver"
      },
      "engines": {
        "node": ">=14.17"
      }
    },
    "node_modules/undici-types": {
      "version": "6.21.0",
      "resolved": "https://registry.npmjs.org/undici-types/-/undici-types-6.21.0.tgz",
      "integrity": "sha512-iwDZqg0QAGrg9Rav5H4n0M64c3mkR59cJ6wQp+7C4nI0gsmExaedaYLNO44eT4AtBBwjbTiGPMlt2Md0T9H9JQ==",
      "dev": true,
      "license": "MIT"
    }
  }
}
